
Microsoft Visual Studio Solution File, Format Version 12.00
# Visual Studio Version 16
VisualStudioVersion = 16.0.29728.190
MinimumVisualStudioVersion = 10.0.40219.1
Project("{FAE04EC0-301F-11D3-BF4B-00C04F79EFBC}") = "Arrays", "Arrays\Arrays.csproj", "{22B0B367-FF0A-4076-B519-662BACBD5121}"
EndProject
Global
	GlobalSection(SolutionConfigurationPlatforms) = preSolution
		Debug|Any CPU = Debug|Any CPU
		Release|Any CPU = Release|Any CPU
	EndGlobalSection
	GlobalSection(ProjectConfigurationPlatforms) = postSolution
		{22B0B367-FF0A-4076-B519-662BACBD5121}.Debug|Any CPU.ActiveCfg = Debug|Any CPU
		{22B0B367-FF0A-4076-B519-662BACBD5121}.Debug|Any CPU.Build.0 = Debug|Any CPU
		{22B0B367-FF0A-4076-B519-662BACBD5121}.Release|Any CPU.ActiveCfg = Release|Any CPU
		{22B0B367-FF0A-4076-B519-662BACBD5121}.Release|Any CPU.Build.0 = Release|Any CPU
	EndGlobalSection
	GlobalSection(SolutionProperties) = preSolution
		HideSolutionNode = FALSE
	EndGlobalSection
	GlobalSection(ExtensibilityGlobals) = postSolution
		SolutionGuid = {69C60ECC-F37D-45DF-88E1-8768B6FD8F2E}
	EndGlobalSection
EndGlobal
