
Microsoft Visual Studio Solution File, Format Version 12.00
# Visual Studio Version 16
VisualStudioVersion = 16.0.29728.190
MinimumVisualStudioVersion = 10.0.40219.1
Project("{FAE04EC0-301F-11D3-BF4B-00C04F79EFBC}") = "Practice1", "Practice1\Practice1.csproj", "{C41F6C92-ABFF-4257-886B-B3495CD5797E}"
EndProject
Global
	GlobalSection(SolutionConfigurationPlatforms) = preSolution
		Debug|Any CPU = Debug|Any CPU
		Release|Any CPU = Release|Any CPU
	EndGlobalSection
	GlobalSection(ProjectConfigurationPlatforms) = postSolution
		{C41F6C92-ABFF-4257-886B-B3495CD5797E}.Debug|Any CPU.ActiveCfg = Debug|Any CPU
		{C41F6C92-ABFF-4257-886B-B3495CD5797E}.Debug|Any CPU.Build.0 = Debug|Any CPU
		{C41F6C92-ABFF-4257-886B-B3495CD5797E}.Release|Any CPU.ActiveCfg = Release|Any CPU
		{C41F6C92-ABFF-4257-886B-B3495CD5797E}.Release|Any CPU.Build.0 = Release|Any CPU
	EndGlobalSection
	GlobalSection(SolutionProperties) = preSolution
		HideSolutionNode = FALSE
	EndGlobalSection
	GlobalSection(ExtensibilityGlobals) = postSolution
		SolutionGuid = {6A5DD527-95E6-4B75-826D-211168C2A726}
	EndGlobalSection
EndGlobal
